
Microsoft Visual Studio Solution File, Format Version 12.00
# Visual Studio Version 17
VisualStudioVersion = 17.8.34309.116
MinimumVisualStudioVersion = 10.0.40219.1
Project("{9A19103F-16F7-4668-BE54-9A1E7A4F7556}") = "LogixSoftwareTask", "LogixSoftwareTask\LogixSoftwareTask.csproj", "{D2337DCB-078E-434E-BE31-CB8BC1D4D8E7}"
EndProject
Project("{FAE04EC0-301F-11D3-BF4B-00C04F79EFBC}") = "LogixSoftwareTask.DataAccessLayer", "LogixSoftwareTask.DataAccessLayer\LogixSoftwareTask.DataAccessLayer.csproj", "{101C1EA0-73E1-4E87-B5B7-BF7681DA165D}"
EndProject
Project("{FAE04EC0-301F-11D3-BF4B-00C04F79EFBC}") = "LogixSoftwareTask.Storage", "LogixSoftwareTask.Storage\LogixSoftwareTask.Storage.csproj", "{A30DF38A-7AE7-4A43-B56D-B704E1EEF4BC}"
EndProject
Project("{FAE04EC0-301F-11D3-BF4B-00C04F79EFBC}") = "LogixSoftwareTask.BusinessLogicLayer", "LogixSoftwareTask.BusinessLogicLayer\LogixSoftwareTask.BusinessLogicLayer.csproj", "{B48CF814-D54E-4EE6-B9DC-73157E1570D8}"
EndProject
Global
	GlobalSection(SolutionConfigurationPlatforms) = preSolution
		Debug|Any CPU = Debug|Any CPU
		Release|Any CPU = Release|Any CPU
	EndGlobalSection
	GlobalSection(ProjectConfigurationPlatforms) = postSolution
		{D2337DCB-078E-434E-BE31-CB8BC1D4D8E7}.Debug|Any CPU.ActiveCfg = Debug|Any CPU
		{D2337DCB-078E-434E-BE31-CB8BC1D4D8E7}.Debug|Any CPU.Build.0 = Debug|Any CPU
		{D2337DCB-078E-434E-BE31-CB8BC1D4D8E7}.Release|Any CPU.ActiveCfg = Release|Any CPU
		{D2337DCB-078E-434E-BE31-CB8BC1D4D8E7}.Release|Any CPU.Build.0 = Release|Any CPU
		{101C1EA0-73E1-4E87-B5B7-BF7681DA165D}.Debug|Any CPU.ActiveCfg = Debug|Any CPU
		{101C1EA0-73E1-4E87-B5B7-BF7681DA165D}.Debug|Any CPU.Build.0 = Debug|Any CPU
		{101C1EA0-73E1-4E87-B5B7-BF7681DA165D}.Release|Any CPU.ActiveCfg = Release|Any CPU
		{101C1EA0-73E1-4E87-B5B7-BF7681DA165D}.Release|Any CPU.Build.0 = Release|Any CPU
		{A30DF38A-7AE7-4A43-B56D-B704E1EEF4BC}.Debug|Any CPU.ActiveCfg = Debug|Any CPU
		{A30DF38A-7AE7-4A43-B56D-B704E1EEF4BC}.Debug|Any CPU.Build.0 = Debug|Any CPU
		{A30DF38A-7AE7-4A43-B56D-B704E1EEF4BC}.Release|Any CPU.ActiveCfg = Release|Any CPU
		{A30DF38A-7AE7-4A43-B56D-B704E1EEF4BC}.Release|Any CPU.Build.0 = Release|Any CPU
		{B48CF814-D54E-4EE6-B9DC-73157E1570D8}.Debug|Any CPU.ActiveCfg = Debug|Any CPU
		{B48CF814-D54E-4EE6-B9DC-73157E1570D8}.Debug|Any CPU.Build.0 = Debug|Any CPU
		{B48CF814-D54E-4EE6-B9DC-73157E1570D8}.Release|Any CPU.ActiveCfg = Release|Any CPU
		{B48CF814-D54E-4EE6-B9DC-73157E1570D8}.Release|Any CPU.Build.0 = Release|Any CPU
	EndGlobalSection
	GlobalSection(SolutionProperties) = preSolution
		HideSolutionNode = FALSE
	EndGlobalSection
	GlobalSection(ExtensibilityGlobals) = postSolution
		SolutionGuid = {0F3B811B-EE5F-455F-9C7D-C0A560B097F1}
	EndGlobalSection
EndGlobal
